// !$*UTF8*$!
{
	archiveVersion = 1;
	classes = {
	};
	objectVersion = 46;
	objects = {

/* Begin PBXBuildFile section */
		EC4063D416ACF86200132CFC /* NewsstandKit.framework in Frameworks */ = {isa = PBXBuildFile; fileRef = EC4063D316ACF86200132CFC /* NewsstandKit.framework */; settings = {ATTRIBUTES = (Weak, ); }; };
		EC67559F16ABAB7F008998E4 /* UIKit.framework in Frameworks */ = {isa = PBXBuildFile; fileRef = EC67559E16ABAB7F008998E4 /* UIKit.framework */; };
		EC6755A116ABAB7F008998E4 /* Foundation.framework in Frameworks */ = {isa = PBXBuildFile; fileRef = EC6755A016ABAB7F008998E4 /* Foundation.framework */; };
		EC6755A316ABAB7F008998E4 /* CoreGraphics.framework in Frameworks */ = {isa = PBXBuildFile; fileRef = EC6755A216ABAB7F008998E4 /* CoreGraphics.framework */; };
		EC6755A916ABAB7F008998E4 /* InfoPlist.strings in Resources */ = {isa = PBXBuildFile; fileRef = EC6755A716ABAB7F008998E4 /* InfoPlist.strings */; };
		EC6755AB16ABAB7F008998E4 /* main.m in Sources */ = {isa = PBXBuildFile; fileRef = EC6755AA16ABAB7F008998E4 /* main.m */; };
		EC6755AF16ABAB7F008998E4 /* TBAppDelegate.m in Sources */ = {isa = PBXBuildFile; fileRef = EC6755AE16ABAB7F008998E4 /* TBAppDelegate.m */; };
		EC6755B116ABAB7F008998E4 /* Default.png in Resources */ = {isa = PBXBuildFile; fileRef = EC6755B016ABAB7F008998E4 /* Default.png */; };
		EC6755B316ABAB7F008998E4 /* Default@2x.png in Resources */ = {isa = PBXBuildFile; fileRef = EC6755B216ABAB7F008998E4 /* Default@2x.png */; };
		EC6755B516ABAB7F008998E4 /* Default-568h@2x.png in Resources */ = {isa = PBXBuildFile; fileRef = EC6755B416ABAB7F008998E4 /* Default-568h@2x.png */; };
		EC6755B816ABAB7F008998E4 /* TBFirstViewController.m in Sources */ = {isa = PBXBuildFile; fileRef = EC6755B716ABAB7F008998E4 /* TBFirstViewController.m */; };
		EC6755BA16ABAB7F008998E4 /* first.png in Resources */ = {isa = PBXBuildFile; fileRef = EC6755B916ABAB7F008998E4 /* first.png */; };
		EC6755BC16ABAB7F008998E4 /* first@2x.png in Resources */ = {isa = PBXBuildFile; fileRef = EC6755BB16ABAB7F008998E4 /* first@2x.png */; };
		EC6755BF16ABAB7F008998E4 /* TBSecondViewController.m in Sources */ = {isa = PBXBuildFile; fileRef = EC6755BE16ABAB7F008998E4 /* TBSecondViewController.m */; };
		EC6755C116ABAB7F008998E4 /* second.png in Resources */ = {isa = PBXBuildFile; fileRef = EC6755C016ABAB7F008998E4 /* second.png */; };
		EC6755C316ABAB7F008998E4 /* second@2x.png in Resources */ = {isa = PBXBuildFile; fileRef = EC6755C216ABAB7F008998E4 /* second@2x.png */; };
		EC6755C616ABAB7F008998E4 /* TBFirstViewController.xib in Resources */ = {isa = PBXBuildFile; fileRef = EC6755C416ABAB7F008998E4 /* TBFirstViewController.xib */; };
		EC6755C916ABAB7F008998E4 /* TBSecondViewController.xib in Resources */ = {isa = PBXBuildFile; fileRef = EC6755C716ABAB7F008998E4 /* TBSecondViewController.xib */; };
		EC6755D616ABAFC3008998E4 /* TBThirdViewController.m in Sources */ = {isa = PBXBuildFile; fileRef = EC6755D416ABAFC3008998E4 /* TBThirdViewController.m */; };
		EC6755D716ABAFC3008998E4 /* TBThirdViewController.xib in Resources */ = {isa = PBXBuildFile; fileRef = EC6755D516ABAFC3008998E4 /* TBThirdViewController.xib */; };
		EC6755DB16ABB0C1008998E4 /* TBFourthViewController.m in Sources */ = {isa = PBXBuildFile; fileRef = EC6755D916ABB0C1008998E4 /* TBFourthViewController.m */; };
		EC6755DC16ABB0C1008998E4 /* TBFourthViewController.xib in Resources */ = {isa = PBXBuildFile; fileRef = EC6755DA16ABB0C1008998E4 /* TBFourthViewController.xib */; };
		EC6755E016ABB0D0008998E4 /* TBFifthViewController.m in Sources */ = {isa = PBXBuildFile; fileRef = EC6755DE16ABB0D0008998E4 /* TBFifthViewController.m */; };
		EC6755E116ABB0D0008998E4 /* TBFifthViewController.xib in Resources */ = {isa = PBXBuildFile; fileRef = EC6755DF16ABB0D0008998E4 /* TBFifthViewController.xib */; };
		EC90EEED16ABC3810008EAF4 /* AudioToolbox.framework in Frameworks */ = {isa = PBXBuildFile; fileRef = EC90EEEA16ABC3810008EAF4 /* AudioToolbox.framework */; };
		EC90EEEE16ABC3810008EAF4 /* AVFoundation.framework in Frameworks */ = {isa = PBXBuildFile; fileRef = EC90EEEB16ABC3810008EAF4 /* AVFoundation.framework */; };
		EC90EEEF16ABC3810008EAF4 /* CoreMedia.framework in Frameworks */ = {isa = PBXBuildFile; fileRef = EC90EEEC16ABC3810008EAF4 /* CoreMedia.framework */; };
		ECFA66B516ABD87F00EA2211 /* FeelinGood.mp3 in Resources */ = {isa = PBXBuildFile; fileRef = ECFA66B216ABD87F00EA2211 /* FeelinGood.mp3 */; };
		ECFA66B616ABD87F00EA2211 /* IronBacon.mp3 in Resources */ = {isa = PBXBuildFile; fileRef = ECFA66B316ABD87F00EA2211 /* IronBacon.mp3 */; };
		ECFA66B716ABD87F00EA2211 /* WhatYouWant.mp3 in Resources */ = {isa = PBXBuildFile; fileRef = ECFA66B416ABD87F00EA2211 /* WhatYouWant.mp3 */; };
		ECFA66BA16ABE51100EA2211 /* CoreLocation.framework in Frameworks */ = {isa = PBXBuildFile; fileRef = ECFA66B916ABE51100EA2211 /* CoreLocation.framework */; };
		ECFA66BC16ABE51500EA2211 /* MapKit.framework in Frameworks */ = {isa = PBXBuildFile; fileRef = ECFA66BB16ABE51500EA2211 /* MapKit.framework */; };
/* End PBXBuildFile section */

/* Begin PBXFileReference section */
		EC4063D316ACF86200132CFC /* NewsstandKit.framework */ = {isa = PBXFileReference; lastKnownFileType = wrapper.framework; name = NewsstandKit.framework; path = System/Library/Frameworks/NewsstandKit.framework; sourceTree = SDKROOT; };
		EC67559A16ABAB7F008998E4 /* TheBackgrounder.app */ = {isa = PBXFileReference; explicitFileType = wrapper.application; includeInIndex = 0; path = TheBackgrounder.app; sourceTree = BUILT_PRODUCTS_DIR; };
		EC67559E16ABAB7F008998E4 /* UIKit.framework */ = {isa = PBXFileReference; lastKnownFileType = wrapper.framework; name = UIKit.framework; path = System/Library/Frameworks/UIKit.framework; sourceTree = SDKROOT; };
		EC6755A016ABAB7F008998E4 /* Foundation.framework */ = {isa = PBXFileReference; lastKnownFileType = wrapper.framework; name = Foundation.framework; path = System/Library/Frameworks/Foundation.framework; sourceTree = SDKROOT; };
		EC6755A216ABAB7F008998E4 /* CoreGraphics.framework */ = {isa = PBXFileReference; lastKnownFileType = wrapper.framework; name = CoreGraphics.framework; path = System/Library/Frameworks/CoreGraphics.framework; sourceTree = SDKROOT; };
		EC6755A616ABAB7F008998E4 /* TheBackgrounder-Info.plist */ = {isa = PBXFileReference; lastKnownFileType = text.plist.xml; path = "TheBackgrounder-Info.plist"; sourceTree = "<group>"; };
		EC6755A816ABAB7F008998E4 /* en */ = {isa = PBXFileReference; lastKnownFileType = text.plist.strings; name = en; path = en.lproj/InfoPlist.strings; sourceTree = "<group>"; };
		EC6755AA16ABAB7F008998E4 /* main.m */ = {isa = PBXFileReference; lastKnownFileType = sourcecode.c.objc; path = main.m; sourceTree = "<group>"; };
		EC6755AC16ABAB7F008998E4 /* TheBackgrounder-Prefix.pch */ = {isa = PBXFileReference; lastKnownFileType = sourcecode.c.h; path = "TheBackgrounder-Prefix.pch"; sourceTree = "<group>"; };
		EC6755AD16ABAB7F008998E4 /* TBAppDelegate.h */ = {isa = PBXFileReference; lastKnownFileType = sourcecode.c.h; path = TBAppDelegate.h; sourceTree = "<group>"; };
		EC6755AE16ABAB7F008998E4 /* TBAppDelegate.m */ = {isa = PBXFileReference; lastKnownFileType = sourcecode.c.objc; path = TBAppDelegate.m; sourceTree = "<group>"; };
		EC6755B016ABAB7F008998E4 /* Default.png */ = {isa = PBXFileReference; lastKnownFileType = image.png; path = Default.png; sourceTree = "<group>"; };
		EC6755B216ABAB7F008998E4 /* Default@2x.png */ = {isa = PBXFileReference; lastKnownFileType = image.png; path = "Default@2x.png"; sourceTree = "<group>"; };
		EC6755B416ABAB7F008998E4 /* Default-568h@2x.png */ = {isa = PBXFileReference; lastKnownFileType = image.png; path = "Default-568h@2x.png"; sourceTree = "<group>"; };
		EC6755B616ABAB7F008998E4 /* TBFirstViewController.h */ = {isa = PBXFileReference; lastKnownFileType = sourcecode.c.h; path = TBFirstViewController.h; sourceTree = "<group>"; };
		EC6755B716ABAB7F008998E4 /* TBFirstViewController.m */ = {isa = PBXFileReference; lastKnownFileType = sourcecode.c.objc; path = TBFirstViewController.m; sourceTree = "<group>"; };
		EC6755B916ABAB7F008998E4 /* first.png */ = {isa = PBXFileReference; lastKnownFileType = image.png; path = first.png; sourceTree = "<group>"; };
		EC6755BB16ABAB7F008998E4 /* first@2x.png */ = {isa = PBXFileReference; lastKnownFileType = image.png; path = "first@2x.png"; sourceTree = "<group>"; };
		EC6755BD16ABAB7F008998E4 /* TBSecondViewController.h */ = {isa = PBXFileReference; lastKnownFileType = sourcecode.c.h; path = TBSecondViewController.h; sourceTree = "<group>"; };
		EC6755BE16ABAB7F008998E4 /* TBSecondViewController.m */ = {isa = PBXFileReference; lastKnownFileType = sourcecode.c.objc; path = TBSecondViewController.m; sourceTree = "<group>"; };
		EC6755C016ABAB7F008998E4 /* second.png */ = {isa = PBXFileReference; lastKnownFileType = image.png; path = second.png; sourceTree = "<group>"; };
		EC6755C216ABAB7F008998E4 /* second@2x.png */ = {isa = PBXFileReference; lastKnownFileType = image.png; path = "second@2x.png"; sourceTree = "<group>"; };
		EC6755C516ABAB7F008998E4 /* en */ = {isa = PBXFileReference; lastKnownFileType = file.xib; name = en; path = en.lproj/TBFirstViewController.xib; sourceTree = "<group>"; };
		EC6755C816ABAB7F008998E4 /* en */ = {isa = PBXFileReference; lastKnownFileType = file.xib; name = en; path = en.lproj/TBSecondViewController.xib; sourceTree = "<group>"; };
		EC6755D316ABAFC3008998E4 /* TBThirdViewController.h */ = {isa = PBXFileReference; fileEncoding = 4; lastKnownFileType = sourcecode.c.h; path = TBThirdViewController.h; sourceTree = "<group>"; };
		EC6755D416ABAFC3008998E4 /* TBThirdViewController.m */ = {isa = PBXFileReference; fileEncoding = 4; lastKnownFileType = sourcecode.c.objc; path = TBThirdViewController.m; sourceTree = "<group>"; };
		EC6755D516ABAFC3008998E4 /* TBThirdViewController.xib */ = {isa = PBXFileReference; fileEncoding = 4; lastKnownFileType = file.xib; path = TBThirdViewController.xib; sourceTree = "<group>"; };
		EC6755D816ABB0C1008998E4 /* TBFourthViewController.h */ = {isa = PBXFileReference; fileEncoding = 4; lastKnownFileType = sourcecode.c.h; path = TBFourthViewController.h; sourceTree = "<group>"; };
		EC6755D916ABB0C1008998E4 /* TBFourthViewController.m */ = {isa = PBXFileReference; fileEncoding = 4; lastKnownFileType = sourcecode.c.objc; path = TBFourthViewController.m; sourceTree = "<group>"; };
		EC6755DA16ABB0C1008998E4 /* TBFourthViewController.xib */ = {isa = PBXFileReference; fileEncoding = 4; lastKnownFileType = file.xib; path = TBFourthViewController.xib; sourceTree = "<group>"; };
		EC6755DD16ABB0D0008998E4 /* TBFifthViewController.h */ = {isa = PBXFileReference; fileEncoding = 4; lastKnownFileType = sourcecode.c.h; path = TBFifthViewController.h; sourceTree = "<group>"; };
		EC6755DE16ABB0D0008998E4 /* TBFifthViewController.m */ = {isa = PBXFileReference; fileEncoding = 4; lastKnownFileType = sourcecode.c.objc; path = TBFifthViewController.m; sourceTree = "<group>"; };
		EC6755DF16ABB0D0008998E4 /* TBFifthViewController.xib */ = {isa = PBXFileReference; fileEncoding = 4; lastKnownFileType = file.xib; path = TBFifthViewController.xib; sourceTree = "<group>"; };
		EC90EEEA16ABC3810008EAF4 /* AudioToolbox.framework */ = {isa = PBXFileReference; lastKnownFileType = wrapper.framework; name = AudioToolbox.framework; path = System/Library/Frameworks/AudioToolbox.framework; sourceTree = SDKROOT; };
		EC90EEEB16ABC3810008EAF4 /* AVFoundation.framework */ = {isa = PBXFileReference; lastKnownFileType = wrapper.framework; name = AVFoundation.framework; path = System/Library/Frameworks/AVFoundation.framework; sourceTree = SDKROOT; };
		EC90EEEC16ABC3810008EAF4 /* CoreMedia.framework */ = {isa = PBXFileReference; lastKnownFileType = wrapper.framework; name = CoreMedia.framework; path = System/Library/Frameworks/CoreMedia.framework; sourceTree = SDKROOT; };
		ECFA66B216ABD87F00EA2211 /* FeelinGood.mp3 */ = {isa = PBXFileReference; lastKnownFileType = audio.mp3; path = FeelinGood.mp3; sourceTree = "<group>"; };
		ECFA66B316ABD87F00EA2211 /* IronBacon.mp3 */ = {isa = PBXFileReference; lastKnownFileType = audio.mp3; path = IronBacon.mp3; sourceTree = "<group>"; };
		ECFA66B416ABD87F00EA2211 /* WhatYouWant.mp3 */ = {isa = PBXFileReference; lastKnownFileType = audio.mp3; path = WhatYouWant.mp3; sourceTree = "<group>"; };
		ECFA66B916ABE51100EA2211 /* CoreLocation.framework */ = {isa = PBXFileReference; lastKnownFileType = wrapper.framework; name = CoreLocation.framework; path = System/Library/Frameworks/CoreLocation.framework; sourceTree = SDKROOT; };
		ECFA66BB16ABE51500EA2211 /* MapKit.framework */ = {isa = PBXFileReference; lastKnownFileType = wrapper.framework; name = MapKit.framework; path = System/Library/Frameworks/MapKit.framework; sourceTree = SDKROOT; };
/* End PBXFileReference section */

/* Begin PBXFrameworksBuildPhase section */
		EC67559716ABAB7F008998E4 /* Frameworks */ = {
			isa = PBXFrameworksBuildPhase;
			buildActionMask = 2147483647;
			files = (
				EC4063D416ACF86200132CFC /* NewsstandKit.framework in Frameworks */,
				ECFA66BC16ABE51500EA2211 /* MapKit.framework in Frameworks */,
				ECFA66BA16ABE51100EA2211 /* CoreLocation.framework in Frameworks */,
				EC90EEED16ABC3810008EAF4 /* AudioToolbox.framework in Frameworks */,
				EC90EEEE16ABC3810008EAF4 /* AVFoundation.framework in Frameworks */,
				EC90EEEF16ABC3810008EAF4 /* CoreMedia.framework in Frameworks */,
				EC67559F16ABAB7F008998E4 /* UIKit.framework in Frameworks */,
				EC6755A116ABAB7F008998E4 /* Foundation.framework in Frameworks */,
				EC6755A316ABAB7F008998E4 /* CoreGraphics.framework in Frameworks */,
			);
			runOnlyForDeploymentPostprocessing = 0;
		};
/* End PBXFrameworksBuildPhase section */

/* Begin PBXGroup section */
		EC67558F16ABAB7F008998E4 = {
			isa = PBXGroup;
			children = (
				EC6755A416ABAB7F008998E4 /* TheBackgrounder */,
				EC67559D16ABAB7F008998E4 /* Frameworks */,
				EC67559B16ABAB7F008998E4 /* Products */,
			);
			sourceTree = "<group>";
		};
		EC67559B16ABAB7F008998E4 /* Products */ = {
			isa = PBXGroup;
			children = (
				EC67559A16ABAB7F008998E4 /* TheBackgrounder.app */,
			);
			name = Products;
			sourceTree = "<group>";
		};
		EC67559D16ABAB7F008998E4 /* Frameworks */ = {
			isa = PBXGroup;
			children = (
				EC4063D316ACF86200132CFC /* NewsstandKit.framework */,
				ECFA66BB16ABE51500EA2211 /* MapKit.framework */,
				ECFA66B916ABE51100EA2211 /* CoreLocation.framework */,
				EC90EEEA16ABC3810008EAF4 /* AudioToolbox.framework */,
				EC90EEEB16ABC3810008EAF4 /* AVFoundation.framework */,
				EC90EEEC16ABC3810008EAF4 /* CoreMedia.framework */,
				EC67559E16ABAB7F008998E4 /* UIKit.framework */,
				EC6755A016ABAB7F008998E4 /* Foundation.framework */,
				EC6755A216ABAB7F008998E4 /* CoreGraphics.framework */,
			);
			name = Frameworks;
			sourceTree = "<group>";
		};
		EC6755A416ABAB7F008998E4 /* TheBackgrounder */ = {
			isa = PBXGroup;
			children = (
				EC6755AD16ABAB7F008998E4 /* TBAppDelegate.h */,
				EC6755AE16ABAB7F008998E4 /* TBAppDelegate.m */,
				EC6755B616ABAB7F008998E4 /* TBFirstViewController.h */,
				EC6755B716ABAB7F008998E4 /* TBFirstViewController.m */,
				EC6755C416ABAB7F008998E4 /* TBFirstViewController.xib */,
				EC6755BD16ABAB7F008998E4 /* TBSecondViewController.h */,
				EC6755BE16ABAB7F008998E4 /* TBSecondViewController.m */,
				EC6755C716ABAB7F008998E4 /* TBSecondViewController.xib */,
				EC6755D316ABAFC3008998E4 /* TBThirdViewController.h */,
				EC6755D416ABAFC3008998E4 /* TBThirdViewController.m */,
				EC6755D516ABAFC3008998E4 /* TBThirdViewController.xib */,
				EC6755D816ABB0C1008998E4 /* TBFourthViewController.h */,
				EC6755D916ABB0C1008998E4 /* TBFourthViewController.m */,
				EC6755DA16ABB0C1008998E4 /* TBFourthViewController.xib */,
				EC6755DD16ABB0D0008998E4 /* TBFifthViewController.h */,
				EC6755DE16ABB0D0008998E4 /* TBFifthViewController.m */,
				EC6755DF16ABB0D0008998E4 /* TBFifthViewController.xib */,
				EC6755B916ABAB7F008998E4 /* first.png */,
				EC6755BB16ABAB7F008998E4 /* first@2x.png */,
				EC6755C016ABAB7F008998E4 /* second.png */,
				EC6755C216ABAB7F008998E4 /* second@2x.png */,
				EC6755A516ABAB7F008998E4 /* Supporting Files */,
			);
			path = TheBackgrounder;
			sourceTree = "<group>";
		};
		EC6755A516ABAB7F008998E4 /* Supporting Files */ = {
			isa = PBXGroup;
			children = (
				ECFA66B216ABD87F00EA2211 /* FeelinGood.mp3 */,
				ECFA66B316ABD87F00EA2211 /* IronBacon.mp3 */,
				ECFA66B416ABD87F00EA2211 /* WhatYouWant.mp3 */,
				EC6755A616ABAB7F008998E4 /* TheBackgrounder-Info.plist */,
				EC6755A716ABAB7F008998E4 /* InfoPlist.strings */,
				EC6755AA16ABAB7F008998E4 /* main.m */,
				EC6755AC16ABAB7F008998E4 /* TheBackgrounder-Prefix.pch */,
				EC6755B016ABAB7F008998E4 /* Default.png */,
				EC6755B216ABAB7F008998E4 /* Default@2x.png */,
				EC6755B416ABAB7F008998E4 /* Default-568h@2x.png */,
			);
			name = "Supporting Files";
			sourceTree = "<group>";
		};
/* End PBXGroup section */

/* Begin PBXNativeTarget section */
		EC67559916ABAB7F008998E4 /* TheBackgrounder */ = {
			isa = PBXNativeTarget;
			buildConfigurationList = EC6755CC16ABAB7F008998E4 /* Build configuration list for PBXNativeTarget "TheBackgrounder" */;
			buildPhases = (
				EC67559616ABAB7F008998E4 /* Sources */,
				EC67559716ABAB7F008998E4 /* Frameworks */,
				EC67559816ABAB7F008998E4 /* Resources */,
			);
			buildRules = (
			);
			dependencies = (
			);
			name = TheBackgrounder;
			productName = TheBackgrounder;
			productReference = EC67559A16ABAB7F008998E4 /* TheBackgrounder.app */;
			productType = "com.apple.product-type.application";
		};
/* End PBXNativeTarget section */

/* Begin PBXProject section */
		EC67559116ABAB7F008998E4 /* Project object */ = {
			isa = PBXProject;
			attributes = {
				CLASSPREFIX = TB;
				LastUpgradeCheck = 0450;
				ORGANIZATIONNAME = "Gustavo Ambrozio";
			};
			buildConfigurationList = EC67559416ABAB7F008998E4 /* Build configuration list for PBXProject "TheBackgrounder" */;
			compatibilityVersion = "Xcode 3.2";
			developmentRegion = English;
			hasScannedForEncodings = 0;
			knownRegions = (
				en,
			);
			mainGroup = EC67558F16ABAB7F008998E4;
			productRefGroup = EC67559B16ABAB7F008998E4 /* Products */;
			projectDirPath = "";
			projectRoot = "";
			targets = (
				EC67559916ABAB7F008998E4 /* TheBackgrounder */,
			);
		};
/* End PBXProject section */

/* Begin PBXResourcesBuildPhase section */
		EC67559816ABAB7F008998E4 /* Resources */ = {
			isa = PBXResourcesBuildPhase;
			buildActionMask = 2147483647;
			files = (
				EC6755A916ABAB7F008998E4 /* InfoPlist.strings in Resources */,
				EC6755B116ABAB7F008998E4 /* Default.png in Resources */,
				EC6755B316ABAB7F008998E4 /* Default@2x.png in Resources */,
				EC6755B516ABAB7F008998E4 /* Default-568h@2x.png in Resources */,
				EC6755BA16ABAB7F008998E4 /* first.png in Resources */,
				EC6755BC16ABAB7F008998E4 /* first@2x.png in Resources */,
				EC6755C116ABAB7F008998E4 /* second.png in Resources */,
				EC6755C316ABAB7F008998E4 /* second@2x.png in Resources */,
				EC6755C616ABAB7F008998E4 /* TBFirstViewController.xib in Resources */,
				EC6755C916ABAB7F008998E4 /* TBSecondViewController.xib in Resources */,
				EC6755D716ABAFC3008998E4 /* TBThirdViewController.xib in Resources */,
				EC6755DC16ABB0C1008998E4 /* TBFourthViewController.xib in Resources */,
				EC6755E116ABB0D0008998E4 /* TBFifthViewController.xib in Resources */,
				ECFA66B516ABD87F00EA2211 /* FeelinGood.mp3 in Resources */,
				ECFA66B616ABD87F00EA2211 /* IronBacon.mp3 in Resources */,
				ECFA66B716ABD87F00EA2211 /* WhatYouWant.mp3 in Resources */,
			);
			runOnlyForDeploymentPostprocessing = 0;
		};
/* End PBXResourcesBuildPhase section */

/* Begin PBXSourcesBuildPhase section */
		EC67559616ABAB7F008998E4 /* Sources */ = {
			isa = PBXSourcesBuildPhase;
			buildActionMask = 2147483647;
			files = (
				EC6755AB16ABAB7F008998E4 /* main.m in Sources */,
				EC6755AF16ABAB7F008998E4 /* TBAppDelegate.m in Sources */,
				EC6755B816ABAB7F008998E4 /* TBFirstViewController.m in Sources */,
				EC6755BF16ABAB7F008998E4 /* TBSecondViewController.m in Sources */,
				EC6755D616ABAFC3008998E4 /* TBThirdViewController.m in Sources */,
				EC6755DB16ABB0C1008998E4 /* TBFourthViewController.m in Sources */,
				EC6755E016ABB0D0008998E4 /* TBFifthViewController.m in Sources */,
			);
			runOnlyForDeploymentPostprocessing = 0;
		};
/* End PBXSourcesBuildPhase section */

/* Begin PBXVariantGroup section */
		EC6755A716ABAB7F008998E4 /* InfoPlist.strings */ = {
			isa = PBXVariantGroup;
			children = (
				EC6755A816ABAB7F008998E4 /* en */,
			);
			name = InfoPlist.strings;
			sourceTree = "<group>";
		};
		EC6755C416ABAB7F008998E4 /* TBFirstViewController.xib */ = {
			isa = PBXVariantGroup;
			children = (
				EC6755C516ABAB7F008998E4 /* en */,
			);
			name = TBFirstViewController.xib;
			sourceTree = "<group>";
		};
		EC6755C716ABAB7F008998E4 /* TBSecondViewController.xib */ = {
			isa = PBXVariantGroup;
			children = (
				EC6755C816ABAB7F008998E4 /* en */,
			);
			name = TBSecondViewController.xib;
			sourceTree = "<group>";
		};
/* End PBXVariantGroup section */

/* Begin XCBuildConfiguration section */
		EC6755CA16ABAB7F008998E4 /* Debug */ = {
			isa = XCBuildConfiguration;
			buildSettings = {
				ALWAYS_SEARCH_USER_PATHS = NO;
				CLANG_CXX_LANGUAGE_STANDARD = "gnu++0x";
				CLANG_CXX_LIBRARY = "libc++";
				CLANG_ENABLE_OBJC_ARC = YES;
				CLANG_WARN_EMPTY_BODY = YES;
				CLANG_WARN__DUPLICATE_METHOD_MATCH = YES;
				"CODE_SIGN_IDENTITY[sdk=iphoneos*]" = "iPhone Developer";
				COPY_PHASE_STRIP = NO;
				GCC_C_LANGUAGE_STANDARD = gnu99;
				GCC_DYNAMIC_NO_PIC = NO;
				GCC_OPTIMIZATION_LEVEL = 0;
				GCC_PREPROCESSOR_DEFINITIONS = (
					"DEBUG=1",
					"$(inherited)",
				);
				GCC_SYMBOLS_PRIVATE_EXTERN = NO;
				GCC_WARN_ABOUT_RETURN_TYPE = YES;
				GCC_WARN_UNINITIALIZED_AUTOS = YES;
				GCC_WARN_UNUSED_VARIABLE = YES;
				IPHONEOS_DEPLOYMENT_TARGET = 6.0;
				ONLY_ACTIVE_ARCH = YES;
				SDKROOT = iphoneos;
			};
			name = Debug;
		};
		EC6755CB16ABAB7F008998E4 /* Release */ = {
			isa = XCBuildConfiguration;
			buildSettings = {
				ALWAYS_SEARCH_USER_PATHS = NO;
				CLANG_CXX_LANGUAGE_STANDARD = "gnu++0x";
				CLANG_CXX_LIBRARY = "libc++";
				CLANG_ENABLE_OBJC_ARC = YES;
				CLANG_WARN_EMPTY_BODY = YES;
				CLANG_WARN__DUPLICATE_METHOD_MATCH = YES;
				"CODE_SIGN_IDENTITY[sdk=iphoneos*]" = "iPhone Developer";
				COPY_PHASE_STRIP = YES;
				GCC_C_LANGUAGE_STANDARD = gnu99;
				GCC_WARN_ABOUT_RETURN_TYPE = YES;
				GCC_WARN_UNINITIALIZED_AUTOS = YES;
				GCC_WARN_UNUSED_VARIABLE = YES;
				IPHONEOS_DEPLOYMENT_TARGET = 6.0;
				OTHER_CFLAGS = "-DNS_BLOCK_ASSERTIONS=1";
				SDKROOT = iphoneos;
				VALIDATE_PRODUCT = YES;
			};
			name = Release;
		};
		EC6755CD16ABAB7F008998E4 /* Debug */ = {
			isa = XCBuildConfiguration;
			buildSettings = {
				GCC_PRECOMPILE_PREFIX_HEADER = YES;
				GCC_PREFIX_HEADER = "TheBackgrounder/TheBackgrounder-Prefix.pch";
				INFOPLIST_FILE = "TheBackgrounder/TheBackgrounder-Info.plist";
				PRODUCT_NAME = "$(TARGET_NAME)";
				WRAPPER_EXTENSION = app;
			};
			name = Debug;
		};
		EC6755CE16ABAB7F008998E4 /* Release */ = {
			isa = XCBuildConfiguration;
			buildSettings = {
				GCC_PRECOMPILE_PREFIX_HEADER = YES;
				GCC_PREFIX_HEADER = "TheBackgrounder/TheBackgrounder-Prefix.pch";
				INFOPLIST_FILE = "TheBackgrounder/TheBackgrounder-Info.plist";
				PRODUCT_NAME = "$(TARGET_NAME)";
				WRAPPER_EXTENSION = app;
			};
			name = Release;
		};
/* End XCBuildConfiguration section */

/* Begin XCConfigurationList section */
		EC67559416ABAB7F008998E4 /* Build configuration list for PBXProject "TheBackgrounder" */ = {
			isa = XCConfigurationList;
			buildConfigurations = (
				EC6755CA16ABAB7F008998E4 /* Debug */,
				EC6755CB16ABAB7F008998E4 /* Release */,
			);
			defaultConfigurationIsVisible = 0;
			defaultConfigurationName = Release;
		};
		EC6755CC16ABAB7F008998E4 /* Build configuration list for PBXNativeTarget "TheBackgrounder" */ = {
			isa = XCConfigurationList;
			buildConfigurations = (
				EC6755CD16ABAB7F008998E4 /* Debug */,
				EC6755CE16ABAB7F008998E4 /* Release */,
			);
			defaultConfigurationIsVisible = 0;
			defaultConfigurationName = Release;
		};
/* End XCConfigurationList section */
	};
	rootObject = EC67559116ABAB7F008998E4 /* Project object */;
}
